schema: '2.0'
stages:
  process_data:
    cmd: python src/data/make_dataset.py data/raw/Crop_Recommendation.csv data/processed
    deps:
    - path: data/raw/Crop_Recommendation.csv
      hash: md5
      md5: e8b82c1adace83b8b96adddcfb040862
      size: 144866
    - path: src/data/make_dataset.py
      hash: md5
      md5: 754c28c3a05904627b994494f8532f2a
      size: 2266
    outs:
    - path: data/processed/test.csv
      hash: md5
      md5: b463ad3a7428f58c3334206831eeaf52
      size: 29079
    - path: data/processed/train.csv
      hash: md5
      md5: c346797cb54b71d98acddb28a3f5324b
      size: 115862
  train_model:
    cmd: python src/models/train_model.py
    deps:
    - path: data/processed/train.csv
      hash: md5
      md5: c346797cb54b71d98acddb28a3f5324b
      size: 115862
    - path: src/models/train_model.py
      hash: md5
      md5: 37a7c7f95b76445e4b19bbe7e6cb3ae3
      size: 1729
    outs:
    - path: models/label_encoder.pkl
      hash: md5
      md5: a6690465489681fbcd5fd80da68c45a4
      size: 830
    - path: models/model.pkl
      hash: md5
      md5: 81c315c64fcfe80cd0c98a97213a0b63
      size: 104909
  evaluate:
    cmd: python src/models/evaluate.py
    deps:
    - path: data/processed/test.csv
      hash: md5
      md5: b463ad3a7428f58c3334206831eeaf52
      size: 29079
    - path: models/model.pkl
      hash: md5
      md5: 81c315c64fcfe80cd0c98a97213a0b63
      size: 104909
    - path: src/models/evaluate.py
      hash: md5
      md5: 4b98acd0befc3dd9286ab3bc9f186604
      size: 2556
    outs:
    - path: models/metrics.json
      hash: md5
      md5: a7906d157ef457e7aaf923b9249ab793
      size: 95
